// !$*UTF8*$!
{
	archiveVersion = 1;
	classes = {
	};
	objectVersion = 56;
	objects = {

/* Begin PBXBuildFile section */
		FBC5AE2D2BE8E12000309492 /* swift_ui_7App.swift in Sources */ = {isa = PBXBuildFile; fileRef = FBC5AE2C2BE8E12000309492 /* swift_ui_7App.swift */; };
		FBC5AE2F2BE8E12000309492 /* ContentView.swift in Sources */ = {isa = PBXBuildFile; fileRef = FBC5AE2E2BE8E12000309492 /* ContentView.swift */; };
		FBC5AE312BE8E12400309492 /* Assets.xcassets in Resources */ = {isa = PBXBuildFile; fileRef = FBC5AE302BE8E12400309492 /* Assets.xcassets */; };
		FBC5AE342BE8E12400309492 /* Preview Assets.xcassets in Resources */ = {isa = PBXBuildFile; fileRef = FBC5AE332BE8E12400309492 /* Preview Assets.xcassets */; };
		FBC5AE3E2BE8E12400309492 /* swift_ui_7Tests.swift in Sources */ = {isa = PBXBuildFile; fileRef = FBC5AE3D2BE8E12400309492 /* swift_ui_7Tests.swift */; };
		FBC5AE482BE8E12500309492 /* swift_ui_7UITests.swift in Sources */ = {isa = PBXBuildFile; fileRef = FBC5AE472BE8E12500309492 /* swift_ui_7UITests.swift */; };
		FBC5AE4A2BE8E12500309492 /* swift_ui_7UITestsLaunchTests.swift in Sources */ = {isa = PBXBuildFile; fileRef = FBC5AE492BE8E12500309492 /* swift_ui_7UITestsLaunchTests.swift */; };
/* End PBXBuildFile section */

/* Begin PBXContainerItemProxy section */
		FBC5AE3A2BE8E12400309492 /* PBXContainerItemProxy */ = {
			isa = PBXContainerItemProxy;
			containerPortal = FBC5AE212BE8E12000309492 /* Project object */;
			proxyType = 1;
			remoteGlobalIDString = FBC5AE282BE8E12000309492;
			remoteInfo = "swift ui 7";
		};
		FBC5AE442BE8E12500309492 /* PBXContainerItemProxy */ = {
			isa = PBXContainerItemProxy;
			containerPortal = FBC5AE212BE8E12000309492 /* Project object */;
			proxyType = 1;
			remoteGlobalIDString = FBC5AE282BE8E12000309492;
			remoteInfo = "swift ui 7";
		};
/* End PBXContainerItemProxy section */

/* Begin PBXFileReference section */
		FBC5AE292BE8E12000309492 /* swift ui 7.app */ = {isa = PBXFileReference; explicitFileType = wrapper.application; includeInIndex = 0; path = "swift ui 7.app"; sourceTree = BUILT_PRODUCTS_DIR; };
		FBC5AE2C2BE8E12000309492 /* swift_ui_7App.swift */ = {isa = PBXFileReference; lastKnownFileType = sourcecode.swift; path = swift_ui_7App.swift; sourceTree = "<group>"; };
		FBC5AE2E2BE8E12000309492 /* ContentView.swift */ = {isa = PBXFileReference; lastKnownFileType = sourcecode.swift; path = ContentView.swift; sourceTree = "<group>"; };
		FBC5AE302BE8E12400309492 /* Assets.xcassets */ = {isa = PBXFileReference; lastKnownFileType = folder.assetcatalog; path = Assets.xcassets; sourceTree = "<group>"; };
		FBC5AE332BE8E12400309492 /* Preview Assets.xcassets */ = {isa = PBXFileReference; lastKnownFileType = folder.assetcatalog; path = "Preview Assets.xcassets"; sourceTree = "<group>"; };
		FBC5AE392BE8E12400309492 /* swift ui 7Tests.xctest */ = {isa = PBXFileReference; explicitFileType = wrapper.cfbundle; includeInIndex = 0; path = "swift ui 7Tests.xctest"; sourceTree = BUILT_PRODUCTS_DIR; };
		FBC5AE3D2BE8E12400309492 /* swift_ui_7Tests.swift */ = {isa = PBXFileReference; lastKnownFileType = sourcecode.swift; path = swift_ui_7Tests.swift; sourceTree = "<group>"; };
		FBC5AE432BE8E12500309492 /* swift ui 7UITests.xctest */ = {isa = PBXFileReference; explicitFileType = wrapper.cfbundle; includeInIndex = 0; path = "swift ui 7UITests.xctest"; sourceTree = BUILT_PRODUCTS_DIR; };
		FBC5AE472BE8E12500309492 /* swift_ui_7UITests.swift */ = {isa = PBXFileReference; lastKnownFileType = sourcecode.swift; path = swift_ui_7UITests.swift; sourceTree = "<group>"; };
		FBC5AE492BE8E12500309492 /* swift_ui_7UITestsLaunchTests.swift */ = {isa = PBXFileReference; lastKnownFileType = sourcecode.swift; path = swift_ui_7UITestsLaunchTests.swift; sourceTree = "<group>"; };
/* End PBXFileReference section */

/* Begin PBXFrameworksBuildPhase section */
		FBC5AE262BE8E12000309492 /* Frameworks */ = {
			isa = PBXFrameworksBuildPhase;
			buildActionMask = 2147483647;
			files = (
			);
			runOnlyForDeploymentPostprocessing = 0;
		};
		FBC5AE362BE8E12400309492 /* Frameworks */ = {
			isa = PBXFrameworksBuildPhase;
			buildActionMask = 2147483647;
			files = (
			);
			runOnlyForDeploymentPostprocessing = 0;
		};
		FBC5AE402BE8E12500309492 /* Frameworks */ = {
			isa = PBXFrameworksBuildPhase;
			buildActionMask = 2147483647;
			files = (
			);
			runOnlyForDeploymentPostprocessing = 0;
		};
/* End PBXFrameworksBuildPhase section */

/* Begin PBXGroup section */
		FBC5AE202BE8E12000309492 = {
			isa = PBXGroup;
			children = (
				FBC5AE2B2BE8E12000309492 /* swift ui 7 */,
				FBC5AE3C2BE8E12400309492 /* swift ui 7Tests */,
				FBC5AE462BE8E12500309492 /* swift ui 7UITests */,
				FBC5AE2A2BE8E12000309492 /* Products */,
			);
			sourceTree = "<group>";
		};
		FBC5AE2A2BE8E12000309492 /* Products */ = {
			isa = PBXGroup;
			children = (
				FBC5AE292BE8E12000309492 /* swift ui 7.app */,
				FBC5AE392BE8E12400309492 /* swift ui 7Tests.xctest */,
				FBC5AE432BE8E12500309492 /* swift ui 7UITests.xctest */,
			);
			name = Products;
			sourceTree = "<group>";
		};
		FBC5AE2B2BE8E12000309492 /* swift ui 7 */ = {
			isa = PBXGroup;
			children = (
				FBC5AE2C2BE8E12000309492 /* swift_ui_7App.swift */,
				FBC5AE2E2BE8E12000309492 /* ContentView.swift */,
				FBC5AE302BE8E12400309492 /* Assets.xcassets */,
				FBC5AE322BE8E12400309492 /* Preview Content */,
			);
			path = "swift ui 7";
			sourceTree = "<group>";
		};
		FBC5AE322BE8E12400309492 /* Preview Content */ = {
			isa = PBXGroup;
			children = (
				FBC5AE332BE8E12400309492 /* Preview Assets.xcassets */,
			);
			path = "Preview Content";
			sourceTree = "<group>";
		};
		FBC5AE3C2BE8E12400309492 /* swift ui 7Tests */ = {
			isa = PBXGroup;
			children = (
				FBC5AE3D2BE8E12400309492 /* swift_ui_7Tests.swift */,
			);
			path = "swift ui 7Tests";
			sourceTree = "<group>";
		};
		FBC5AE462BE8E12500309492 /* swift ui 7UITests */ = {
			isa = PBXGroup;
			children = (
				FBC5AE472BE8E12500309492 /* swift_ui_7UITests.swift */,
				FBC5AE492BE8E12500309492 /* swift_ui_7UITestsLaunchTests.swift */,
			);
			path = "swift ui 7UITests";
			sourceTree = "<group>";
		};
/* End PBXGroup section */

/* Begin PBXNativeTarget section */
		FBC5AE282BE8E12000309492 /* swift ui 7 */ = {
			isa = PBXNativeTarget;
			buildConfigurationList = FBC5AE4D2BE8E12500309492 /* Build configuration list for PBXNativeTarget "swift ui 7" */;
			buildPhases = (
				FBC5AE252BE8E12000309492 /* Sources */,
				FBC5AE262BE8E12000309492 /* Frameworks */,
				FBC5AE272BE8E12000309492 /* Resources */,
			);
			buildRules = (
			);
			dependencies = (
			);
			name = "swift ui 7";
			productName = "swift ui 7";
			productReference = FBC5AE292BE8E12000309492 /* swift ui 7.app */;
			productType = "com.apple.product-type.application";
		};
		FBC5AE382BE8E12400309492 /* swift ui 7Tests */ = {
			isa = PBXNativeTarget;
			buildConfigurationList = FBC5AE502BE8E12500309492 /* Build configuration list for PBXNativeTarget "swift ui 7Tests" */;
			buildPhases = (
				FBC5AE352BE8E12400309492 /* Sources */,
				FBC5AE362BE8E12400309492 /* Frameworks */,
				FBC5AE372BE8E12400309492 /* Resources */,
			);
			buildRules = (
			);
			dependencies = (
				FBC5AE3B2BE8E12400309492 /* PBXTargetDependency */,
			);
			name = "swift ui 7Tests";
			productName = "swift ui 7Tests";
			productReference = FBC5AE392BE8E12400309492 /* swift ui 7Tests.xctest */;
			productType = "com.apple.product-type.bundle.unit-test";
		};
		FBC5AE422BE8E12500309492 /* swift ui 7UITests */ = {
			isa = PBXNativeTarget;
			buildConfigurationList = FBC5AE532BE8E12500309492 /* Build configuration list for PBXNativeTarget "swift ui 7UITests" */;
			buildPhases = (
				FBC5AE3F2BE8E12500309492 /* Sources */,
				FBC5AE402BE8E12500309492 /* Frameworks */,
				FBC5AE412BE8E12500309492 /* Resources */,
			);
			buildRules = (
			);
			dependencies = (
				FBC5AE452BE8E12500309492 /* PBXTargetDependency */,
			);
			name = "swift ui 7UITests";
			productName = "swift ui 7UITests";
			productReference = FBC5AE432BE8E12500309492 /* swift ui 7UITests.xctest */;
			productType = "com.apple.product-type.bundle.ui-testing";
		};
/* End PBXNativeTarget section */

/* Begin PBXProject section */
		FBC5AE212BE8E12000309492 /* Project object */ = {
			isa = PBXProject;
			attributes = {
				BuildIndependentTargetsInParallel = 1;
				LastSwiftUpdateCheck = 1520;
				LastUpgradeCheck = 1520;
				TargetAttributes = {
					FBC5AE282BE8E12000309492 = {
						CreatedOnToolsVersion = 15.2;
					};
					FBC5AE382BE8E12400309492 = {
						CreatedOnToolsVersion = 15.2;
						TestTargetID = FBC5AE282BE8E12000309492;
					};
					FBC5AE422BE8E12500309492 = {
						CreatedOnToolsVersion = 15.2;
						TestTargetID = FBC5AE282BE8E12000309492;
					};
				};
			};
			buildConfigurationList = FBC5AE242BE8E12000309492 /* Build configuration list for PBXProject "swift ui 7" */;
			compatibilityVersion = "Xcode 14.0";
			developmentRegion = en;
			hasScannedForEncodings = 0;
			knownRegions = (
				en,
				Base,
			);
			mainGroup = FBC5AE202BE8E12000309492;
			productRefGroup = FBC5AE2A2BE8E12000309492 /* Products */;
			projectDirPath = "";
			projectRoot = "";
			targets = (
				FBC5AE282BE8E12000309492 /* swift ui 7 */,
				FBC5AE382BE8E12400309492 /* swift ui 7Tests */,
				FBC5AE422BE8E12500309492 /* swift ui 7UITests */,
			);
		};
/* End PBXProject section */

/* Begin PBXResourcesBuildPhase section */
		FBC5AE272BE8E12000309492 /* Resources */ = {
			isa = PBXResourcesBuildPhase;
			buildActionMask = 2147483647;
			files = (
				FBC5AE342BE8E12400309492 /* Preview Assets.xcassets in Resources */,
				FBC5AE312BE8E12400309492 /* Assets.xcassets in Resources */,
			);
			runOnlyForDeploymentPostprocessing = 0;
		};
		FBC5AE372BE8E12400309492 /* Resources */ = {
			isa = PBXResourcesBuildPhase;
			buildActionMask = 2147483647;
			files = (
			);
			runOnlyForDeploymentPostprocessing = 0;
		};
		FBC5AE412BE8E12500309492 /* Resources */ = {
			isa = PBXResourcesBuildPhase;
			buildActionMask = 2147483647;
			files = (
			);
			runOnlyForDeploymentPostprocessing = 0;
		};
/* End PBXResourcesBuildPhase section */

/* Begin PBXSourcesBuildPhase section */
		FBC5AE252BE8E12000309492 /* Sources */ = {
			isa = PBXSourcesBuildPhase;
			buildActionMask = 2147483647;
			files = (
				FBC5AE2F2BE8E12000309492 /* ContentView.swift in Sources */,
				FBC5AE2D2BE8E12000309492 /* swift_ui_7App.swift in Sources */,
			);
			runOnlyForDeploymentPostprocessing = 0;
		};
		FBC5AE352BE8E12400309492 /* Sources */ = {
			isa = PBXSourcesBuildPhase;
			buildActionMask = 2147483647;
			files = (
				FBC5AE3E2BE8E12400309492 /* swift_ui_7Tests.swift in Sources */,
			);
			runOnlyForDeploymentPostprocessing = 0;
		};
		FBC5AE3F2BE8E12500309492 /* Sources */ = {
			isa = PBXSourcesBuildPhase;
			buildActionMask = 2147483647;
			files = (
				FBC5AE4A2BE8E12500309492 /* swift_ui_7UITestsLaunchTests.swift in Sources */,
				FBC5AE482BE8E12500309492 /* swift_ui_7UITests.swift in Sources */,
			);
			runOnlyForDeploymentPostprocessing = 0;
		};
/* End PBXSourcesBuildPhase section */

/* Begin PBXTargetDependency section */
		FBC5AE3B2BE8E12400309492 /* PBXTargetDependency */ = {
			isa = PBXTargetDependency;
			target = FBC5AE282BE8E12000309492 /* swift ui 7 */;
			targetProxy = FBC5AE3A2BE8E12400309492 /* PBXContainerItemProxy */;
		};
		FBC5AE452BE8E12500309492 /* PBXTargetDependency */ = {
			isa = PBXTargetDependency;
			target = FBC5AE282BE8E12000309492 /* swift ui 7 */;
			targetProxy = FBC5AE442BE8E12500309492 /* PBXContainerItemProxy */;
		};
/* End PBXTargetDependency section */

/* Begin XCBuildConfiguration section */
		FBC5AE4B2BE8E12500309492 /* Debug */ = {
			isa = XCBuildConfiguration;
			buildSettings = {
				ALWAYS_SEARCH_USER_PATHS = NO;
				ASSETCATALOG_COMPILER_GENERATE_SWIFT_ASSET_SYMBOL_EXTENSIONS = YES;
				CLANG_ANALYZER_NONNULL = YES;
				CLANG_ANALYZER_NUMBER_OBJECT_CONVERSION = YES_AGGRESSIVE;
				CLANG_CXX_LANGUAGE_STANDARD = "gnu++20";
				CLANG_ENABLE_MODULES = YES;
				CLANG_ENABLE_OBJC_ARC = YES;
				CLANG_ENABLE_OBJC_WEAK = YES;
				CLANG_WARN_BLOCK_CAPTURE_AUTORELEASING = YES;
				CLANG_WARN_BOOL_CONVERSION = YES;
				CLANG_WARN_COMMA = YES;
				CLANG_WARN_CONSTANT_CONVERSION = YES;
				CLANG_WARN_DEPRECATED_OBJC_IMPLEMENTATIONS = YES;
				CLANG_WARN_DIRECT_OBJC_ISA_USAGE = YES_ERROR;
				CLANG_WARN_DOCUMENTATION_COMMENTS = YES;
				CLANG_WARN_EMPTY_BODY = YES;
				CLANG_WARN_ENUM_CONVERSION = YES;
				CLANG_WARN_INFINITE_RECURSION = YES;
				CLANG_WARN_INT_CONVERSION = YES;
				CLANG_WARN_NON_LITERAL_NULL_CONVERSION = YES;
				CLANG_WARN_OBJC_IMPLICIT_RETAIN_SELF = YES;
				CLANG_WARN_OBJC_LITERAL_CONVERSION = YES;
				CLANG_WARN_OBJC_ROOT_CLASS = YES_ERROR;
				CLANG_WARN_QUOTED_INCLUDE_IN_FRAMEWORK_HEADER = YES;
				CLANG_WARN_RANGE_LOOP_ANALYSIS = YES;
				CLANG_WARN_STRICT_PROTOTYPES = YES;
				CLANG_WARN_SUSPICIOUS_MOVE = YES;
				CLANG_WARN_UNGUARDED_AVAILABILITY = YES_AGGRESSIVE;
				CLANG_WARN_UNREACHABLE_CODE = YES;
				CLANG_WARN__DUPLICATE_METHOD_MATCH = YES;
				COPY_PHASE_STRIP = NO;
				DEBUG_INFORMATION_FORMAT = dwarf;
				ENABLE_STRICT_OBJC_MSGSEND = YES;
				ENABLE_TESTABILITY = YES;
				ENABLE_USER_SCRIPT_SANDBOXING = YES;
				GCC_C_LANGUAGE_STANDARD = gnu17;
				GCC_DYNAMIC_NO_PIC = NO;
				GCC_NO_COMMON_BLOCKS = YES;
				GCC_OPTIMIZATION_LEVEL = 0;
				GCC_PREPROCESSOR_DEFINITIONS = (
					"DEBUG=1",
					"$(inherited)",
				);
				GCC_WARN_64_TO_32_BIT_CONVERSION = YES;
				GCC_WARN_ABOUT_RETURN_TYPE = YES_ERROR;
				GCC_WARN_UNDECLARED_SELECTOR = YES;
				GCC_WARN_UNINITIALIZED_AUTOS = YES_AGGRESSIVE;
				GCC_WARN_UNUSED_FUNCTION = YES;
				GCC_WARN_UNUSED_VARIABLE = YES;
				IPHONEOS_DEPLOYMENT_TARGET = 17.2;
				LOCALIZATION_PREFERS_STRING_CATALOGS = YES;
				MTL_ENABLE_DEBUG_INFO = INCLUDE_SOURCE;
				MTL_FAST_MATH = YES;
				ONLY_ACTIVE_ARCH = YES;
				SDKROOT = iphoneos;
				SWIFT_ACTIVE_COMPILATION_CONDITIONS = "DEBUG $(inherited)";
				SWIFT_OPTIMIZATION_LEVEL = "-Onone";
			};
			name = Debug;
		};
		FBC5AE4C2BE8E12500309492 /* Release */ = {
			isa = XCBuildConfiguration;
			buildSettings = {
				ALWAYS_SEARCH_USER_PATHS = NO;
				ASSETCATALOG_COMPILER_GENERATE_SWIFT_ASSET_SYMBOL_EXTENSIONS = YES;
				CLANG_ANALYZER_NONNULL = YES;
				CLANG_ANALYZER_NUMBER_OBJECT_CONVERSION = YES_AGGRESSIVE;
				CLANG_CXX_LANGUAGE_STANDARD = "gnu++20";
				CLANG_ENABLE_MODULES = YES;
				CLANG_ENABLE_OBJC_ARC = YES;
				CLANG_ENABLE_OBJC_WEAK = YES;
				CLANG_WARN_BLOCK_CAPTURE_AUTORELEASING = YES;
				CLANG_WARN_BOOL_CONVERSION = YES;
				CLANG_WARN_COMMA = YES;
				CLANG_WARN_CONSTANT_CONVERSION = YES;
				CLANG_WARN_DEPRECATED_OBJC_IMPLEMENTATIONS = YES;
				CLANG_WARN_DIRECT_OBJC_ISA_USAGE = YES_ERROR;
				CLANG_WARN_DOCUMENTATION_COMMENTS = YES;
				CLANG_WARN_EMPTY_BODY = YES;
				CLANG_WARN_ENUM_CONVERSION = YES;
				CLANG_WARN_INFINITE_RECURSION = YES;
				CLANG_WARN_INT_CONVERSION = YES;
				CLANG_WARN_NON_LITERAL_NULL_CONVERSION = YES;
				CLANG_WARN_OBJC_IMPLICIT_RETAIN_SELF = YES;
				CLANG_WARN_OBJC_LITERAL_CONVERSION = YES;
				CLANG_WARN_OBJC_ROOT_CLASS = YES_ERROR;
				CLANG_WARN_QUOTED_INCLUDE_IN_FRAMEWORK_HEADER = YES;
				CLANG_WARN_RANGE_LOOP_ANALYSIS = YES;
				CLANG_WARN_STRICT_PROTOTYPES = YES;
				CLANG_WARN_SUSPICIOUS_MOVE = YES;
				CLANG_WARN_UNGUARDED_AVAILABILITY = YES_AGGRESSIVE;
				CLANG_WARN_UNREACHABLE_CODE = YES;
				CLANG_WARN__DUPLICATE_METHOD_MATCH = YES;
				COPY_PHASE_STRIP = NO;
				DEBUG_INFORMATION_FORMAT = "dwarf-with-dsym";
				ENABLE_NS_ASSERTIONS = NO;
				ENABLE_STRICT_OBJC_MSGSEND = YES;
				ENABLE_USER_SCRIPT_SANDBOXING = YES;
				GCC_C_LANGUAGE_STANDARD = gnu17;
				GCC_NO_COMMON_BLOCKS = YES;
				GCC_WARN_64_TO_32_BIT_CONVERSION = YES;
				GCC_WARN_ABOUT_RETURN_TYPE = YES_ERROR;
				GCC_WARN_UNDECLARED_SELECTOR = YES;
				GCC_WARN_UNINITIALIZED_AUTOS = YES_AGGRESSIVE;
				GCC_WARN_UNUSED_FUNCTION = YES;
				GCC_WARN_UNUSED_VARIABLE = YES;
				IPHONEOS_DEPLOYMENT_TARGET = 17.2;
				LOCALIZATION_PREFERS_STRING_CATALOGS = YES;
				MTL_ENABLE_DEBUG_INFO = NO;
				MTL_FAST_MATH = YES;
				SDKROOT = iphoneos;
				SWIFT_COMPILATION_MODE = wholemodule;
				VALIDATE_PRODUCT = YES;
			};
			name = Release;
		};
		FBC5AE4E2BE8E12500309492 /* Debug */ = {
			isa = XCBuildConfiguration;
			buildSettings = {
				ASSETCATALOG_COMPILER_APPICON_NAME = AppIcon;
				ASSETCATALOG_COMPILER_GLOBAL_ACCENT_COLOR_NAME = AccentColor;
				CODE_SIGN_STYLE = Automatic;
				CURRENT_PROJECT_VERSION = 1;
				DEVELOPMENT_ASSET_PATHS = "\"swift ui 7/Preview Content\"";
				DEVELOPMENT_TEAM = 5QBUTFAAPM;
				ENABLE_PREVIEWS = YES;
				GENERATE_INFOPLIST_FILE = YES;
				INFOPLIST_KEY_UIApplicationSceneManifest_Generation = YES;
				INFOPLIST_KEY_UIApplicationSupportsIndirectInputEvents = YES;
				INFOPLIST_KEY_UILaunchScreen_Generation = YES;
				INFOPLIST_KEY_UISupportedInterfaceOrientations_iPad = "UIInterfaceOrientationPortrait UIInterfaceOrientationPortraitUpsideDown UIInterfaceOrientationLandscapeLeft UIInterfaceOrientationLandscapeRight";
				INFOPLIST_KEY_UISupportedInterfaceOrientations_iPhone = "UIInterfaceOrientationPortrait UIInterfaceOrientationLandscapeLeft UIInterfaceOrientationLandscapeRight";
				LD_RUNPATH_SEARCH_PATHS = (
					"$(inherited)",
					"@executable_path/Frameworks",
				);
				MARKETING_VERSION = 1.0;
				PRODUCT_BUNDLE_IDENTIFIER = "com.kozlov.swift-ui-7";
				PRODUCT_NAME = "$(TARGET_NAME)";
				SWIFT_EMIT_LOC_STRINGS = YES;
				SWIFT_VERSION = 5.0;
				TARGETED_DEVICE_FAMILY = "1,2";
			};
			name = Debug;
		};
		FBC5AE4F2BE8E12500309492 /* Release */ = {
			isa = XCBuildConfiguration;
			buildSettings = {
				ASSETCATALOG_COMPILER_APPICON_NAME = AppIcon;
				ASSETCATALOG_COMPILER_GLOBAL_ACCENT_COLOR_NAME = AccentColor;
				CODE_SIGN_STYLE = Automatic;
				CURRENT_PROJECT_VERSION = 1;
				DEVELOPMENT_ASSET_PATHS = "\"swift ui 7/Preview Content\"";
				DEVELOPMENT_TEAM = 5QBUTFAAPM;
				ENABLE_PREVIEWS = YES;
				GENERATE_INFOPLIST_FILE = YES;
				INFOPLIST_KEY_UIApplicationSceneManifest_Generation = YES;
				INFOPLIST_KEY_UIApplicationSupportsIndirectInputEvents = YES;
				INFOPLIST_KEY_UILaunchScreen_Generation = YES;
				INFOPLIST_KEY_UISupportedInterfaceOrientations_iPad = "UIInterfaceOrientationPortrait UIInterfaceOrientationPortraitUpsideDown UIInterfaceOrientationLandscapeLeft UIInterfaceOrientationLandscapeRight";
				INFOPLIST_KEY_UISupportedInterfaceOrientations_iPhone = "UIInterfaceOrientationPortrait UIInterfaceOrientationLandscapeLeft UIInterfaceOrientationLandscapeRight";
				LD_RUNPATH_SEARCH_PATHS = (
					"$(inherited)",
					"@executable_path/Frameworks",
				);
				MARKETING_VERSION = 1.0;
				PRODUCT_BUNDLE_IDENTIFIER = "com.kozlov.swift-ui-7";
				PRODUCT_NAME = "$(TARGET_NAME)";
				SWIFT_EMIT_LOC_STRINGS = YES;
				SWIFT_VERSION = 5.0;
				TARGETED_DEVICE_FAMILY = "1,2";
			};
			name = Release;
		};
		FBC5AE512BE8E12500309492 /* Debug */ = {
			isa = XCBuildConfiguration;
			buildSettings = {
				ALWAYS_EMBED_SWIFT_STANDARD_LIBRARIES = YES;
				BUNDLE_LOADER = "$(TEST_HOST)";
				CODE_SIGN_STYLE = Automatic;
				CURRENT_PROJECT_VERSION = 1;
				DEVELOPMENT_TEAM = 5QBUTFAAPM;
				GENERATE_INFOPLIST_FILE = YES;
				IPHONEOS_DEPLOYMENT_TARGET = 17.2;
				MARKETING_VERSION = 1.0;
				PRODUCT_BUNDLE_IDENTIFIER = "com.kozlov.swift-ui-7Tests";
				PRODUCT_NAME = "$(TARGET_NAME)";
				SWIFT_EMIT_LOC_STRINGS = NO;
				SWIFT_VERSION = 5.0;
				TARGETED_DEVICE_FAMILY = "1,2";
				TEST_HOST = "$(BUILT_PRODUCTS_DIR)/swift ui 7.app/$(BUNDLE_EXECUTABLE_FOLDER_PATH)/swift ui 7";
			};
			name = Debug;
		};
		FBC5AE522BE8E12500309492 /* Release */ = {
			isa = XCBuildConfiguration;
			buildSettings = {
				ALWAYS_EMBED_SWIFT_STANDARD_LIBRARIES = YES;
				BUNDLE_LOADER = "$(TEST_HOST)";
				CODE_SIGN_STYLE = Automatic;
				CURRENT_PROJECT_VERSION = 1;
				DEVELOPMENT_TEAM = 5QBUTFAAPM;
				GENERATE_INFOPLIST_FILE = YES;
				IPHONEOS_DEPLOYMENT_TARGET = 17.2;
				MARKETING_VERSION = 1.0;
				PRODUCT_BUNDLE_IDENTIFIER = "com.kozlov.swift-ui-7Tests";
				PRODUCT_NAME = "$(TARGET_NAME)";
				SWIFT_EMIT_LOC_STRINGS = NO;
				SWIFT_VERSION = 5.0;
				TARGETED_DEVICE_FAMILY = "1,2";
				TEST_HOST = "$(BUILT_PRODUCTS_DIR)/swift ui 7.app/$(BUNDLE_EXECUTABLE_FOLDER_PATH)/swift ui 7";
			};
			name = Release;
		};
		FBC5AE542BE8E12500309492 /* Debug */ = {
			isa = XCBuildConfiguration;
			buildSettings = {
				ALWAYS_EMBED_SWIFT_STANDARD_LIBRARIES = YES;
				CODE_SIGN_STYLE = Automatic;
				CURRENT_PROJECT_VERSION = 1;
				DEVELOPMENT_TEAM = 5QBUTFAAPM;
				GENERATE_INFOPLIST_FILE = YES;
				MARKETING_VERSION = 1.0;
				PRODUCT_BUNDLE_IDENTIFIER = "com.kozlov.swift-ui-7UITests";
				PRODUCT_NAME = "$(TARGET_NAME)";
				SWIFT_EMIT_LOC_STRINGS = NO;
				SWIFT_VERSION = 5.0;
				TARGETED_DEVICE_FAMILY = "1,2";
				TEST_TARGET_NAME = "swift ui 7";
			};
			name = Debug;
		};
		FBC5AE552BE8E12500309492 /* Release */ = {
			isa = XCBuildConfiguration;
			buildSettings = {
				ALWAYS_EMBED_SWIFT_STANDARD_LIBRARIES = YES;
				CODE_SIGN_STYLE = Automatic;
				CURRENT_PROJECT_VERSION = 1;
				DEVELOPMENT_TEAM = 5QBUTFAAPM;
				GENERATE_INFOPLIST_FILE = YES;
				MARKETING_VERSION = 1.0;
				PRODUCT_BUNDLE_IDENTIFIER = "com.kozlov.swift-ui-7UITests";
				PRODUCT_NAME = "$(TARGET_NAME)";
				SWIFT_EMIT_LOC_STRINGS = NO;
				SWIFT_VERSION = 5.0;
				TARGETED_DEVICE_FAMILY = "1,2";
				TEST_TARGET_NAME = "swift ui 7";
			};
			name = Release;
		};
/* End XCBuildConfiguration section */

/* Begin XCConfigurationList section */
		FBC5AE242BE8E12000309492 /* Build configuration list for PBXProject "swift ui 7" */ = {
			isa = XCConfigurationList;
			buildConfigurations = (
				FBC5AE4B2BE8E12500309492 /* Debug */,
				FBC5AE4C2BE8E12500309492 /* Release */,
			);
			defaultConfigurationIsVisible = 0;
			defaultConfigurationName = Release;
		};
		FBC5AE4D2BE8E12500309492 /* Build configuration list for PBXNativeTarget "swift ui 7" */ = {
			isa = XCConfigurationList;
			buildConfigurations = (
				FBC5AE4E2BE8E12500309492 /* Debug */,
				FBC5AE4F2BE8E12500309492 /* Release */,
			);
			defaultConfigurationIsVisible = 0;
			defaultConfigurationName = Release;
		};
		FBC5AE502BE8E12500309492 /* Build configuration list for PBXNativeTarget "swift ui 7Tests" */ = {
			isa = XCConfigurationList;
			buildConfigurations = (
				FBC5AE512BE8E12500309492 /* Debug */,
				FBC5AE522BE8E12500309492 /* Release */,
			);
			defaultConfigurationIsVisible = 0;
			defaultConfigurationName = Release;
		};
		FBC5AE532BE8E12500309492 /* Build configuration list for PBXNativeTarget "swift ui 7UITests" */ = {
			isa = XCConfigurationList;
			buildConfigurations = (
				FBC5AE542BE8E12500309492 /* Debug */,
				FBC5AE552BE8E12500309492 /* Release */,
			);
			defaultConfigurationIsVisible = 0;
			defaultConfigurationName = Release;
		};
/* End XCConfigurationList section */
	};
	rootObject = FBC5AE212BE8E12000309492 /* Project object */;
}
